
Microsoft Visual Studio Solution File, Format Version 12.00
# Visual Studio 15
VisualStudioVersion = 15.0.27130.2010
MinimumVisualStudioVersion = 10.0.40219.1
Project("{FAE04EC0-301F-11D3-BF4B-00C04F79EFBC}") = "SmartExcelValidator_Sample", "SmartExcelValidator_Sample\SmartExcelValidator_Sample.csproj", "{470C43A2-46F0-447F-947D-0D7E44FD3656}"
EndProject
Global
	GlobalSection(SolutionConfigurationPlatforms) = preSolution
		Debug|Any CPU = Debug|Any CPU
		Release|Any CPU = Release|Any CPU
	EndGlobalSection
	GlobalSection(ProjectConfigurationPlatforms) = postSolution
		{470C43A2-46F0-447F-947D-0D7E44FD3656}.Debug|Any CPU.ActiveCfg = Debug|Any CPU
		{470C43A2-46F0-447F-947D-0D7E44FD3656}.Debug|Any CPU.Build.0 = Debug|Any CPU
		{470C43A2-46F0-447F-947D-0D7E44FD3656}.Release|Any CPU.ActiveCfg = Release|Any CPU
		{470C43A2-46F0-447F-947D-0D7E44FD3656}.Release|Any CPU.Build.0 = Release|Any CPU
	EndGlobalSection
	GlobalSection(SolutionProperties) = preSolution
		HideSolutionNode = FALSE
	EndGlobalSection
	GlobalSection(ExtensibilityGlobals) = postSolution
		SolutionGuid = {986F52F0-32B1-4325-98C4-0466F674BBF3}
	EndGlobalSection
EndGlobal
